
Microsoft Visual Studio Solution File, Format Version 12.00
# Visual Studio Version 17
VisualStudioVersion = 17.7.34031.279
MinimumVisualStudioVersion = 10.0.40219.1
Project("{FAE04EC0-301F-11D3-BF4B-00C04F79EFBC}") = "task09_26", "task09_26\task09_26.csproj", "{90AB0D7F-4C1F-4D71-A0EE-825645382F9B}"
EndProject
Global
	GlobalSection(SolutionConfigurationPlatforms) = preSolution
		Debug|Any CPU = Debug|Any CPU
		Release|Any CPU = Release|Any CPU
	EndGlobalSection
	GlobalSection(ProjectConfigurationPlatforms) = postSolution
		{90AB0D7F-4C1F-4D71-A0EE-825645382F9B}.Debug|Any CPU.ActiveCfg = Debug|Any CPU
		{90AB0D7F-4C1F-4D71-A0EE-825645382F9B}.Debug|Any CPU.Build.0 = Debug|Any CPU
		{90AB0D7F-4C1F-4D71-A0EE-825645382F9B}.Release|Any CPU.ActiveCfg = Release|Any CPU
		{90AB0D7F-4C1F-4D71-A0EE-825645382F9B}.Release|Any CPU.Build.0 = Release|Any CPU
	EndGlobalSection
	GlobalSection(SolutionProperties) = preSolution
		HideSolutionNode = FALSE
	EndGlobalSection
	GlobalSection(ExtensibilityGlobals) = postSolution
		SolutionGuid = {774D780C-920A-49C9-A4D4-84FA57363229}
	EndGlobalSection
EndGlobal
